
Microsoft Visual Studio Solution File, Format Version 12.00
# Visual Studio 15
VisualStudioVersion = 15.0.27130.2036
MinimumVisualStudioVersion = 10.0.40219.1
Project("{FAE04EC0-301F-11D3-BF4B-00C04F79EFBC}") = "MonsterClassesBurton44", "MonsterClassesBurton44\MonsterClassesBurton44.csproj", "{5A342AAC-9E36-432E-AA4F-F1C2ED01BA90}"
EndProject
Global
	GlobalSection(SolutionConfigurationPlatforms) = preSolution
		Debug|Any CPU = Debug|Any CPU
		Release|Any CPU = Release|Any CPU
	EndGlobalSection
	GlobalSection(ProjectConfigurationPlatforms) = postSolution
		{5A342AAC-9E36-432E-AA4F-F1C2ED01BA90}.Debug|Any CPU.ActiveCfg = Debug|Any CPU
		{5A342AAC-9E36-432E-AA4F-F1C2ED01BA90}.Debug|Any CPU.Build.0 = Debug|Any CPU
		{5A342AAC-9E36-432E-AA4F-F1C2ED01BA90}.Release|Any CPU.ActiveCfg = Release|Any CPU
		{5A342AAC-9E36-432E-AA4F-F1C2ED01BA90}.Release|Any CPU.Build.0 = Release|Any CPU
	EndGlobalSection
	GlobalSection(SolutionProperties) = preSolution
		HideSolutionNode = FALSE
	EndGlobalSection
	GlobalSection(ExtensibilityGlobals) = postSolution
		SolutionGuid = {8DF6EED0-1C19-4178-9367-93B451F89813}
	EndGlobalSection
EndGlobal
